
Microsoft Visual Studio Solution File, Format Version 12.00
# Visual Studio Version 16
VisualStudioVersion = 16.0.29009.5
MinimumVisualStudioVersion = 10.0.40219.1
Project("{D954291E-2A0B-460D-934E-DC6B0785DB48}") = "Facebook.Vietnam.Hcm.Shared", "Facebook.Vietnam.Hcm.Shared\Facebook.Vietnam.Hcm.Shared.shproj", "{6648CC9E-D8F5-42DB-AD73-C605B047CD32}"
EndProject
Global
	GlobalSection(SharedMSBuildProjectFiles) = preSolution
		Facebook.Vietnam.Hcm.Shared\Facebook.Vietnam.Hcm.Shared.projitems*{6648cc9e-d8f5-42db-ad73-c605b047cd32}*SharedItemsImports = 13
	EndGlobalSection
	GlobalSection(SolutionProperties) = preSolution
		HideSolutionNode = FALSE
	EndGlobalSection
	GlobalSection(ExtensibilityGlobals) = postSolution
		SolutionGuid = {E1205837-9D2E-4AF7-A8E2-C7D777247605}
	EndGlobalSection
EndGlobal
