
Microsoft Visual Studio Solution File, Format Version 12.00
# Visual Studio Version 16
VisualStudioVersion = 16.0.29009.5
MinimumVisualStudioVersion = 10.0.40219.1
Project("{D954291E-2A0B-460D-934E-DC6B0785DB48}") = "Facebook.Vietnam.Hcm.Shared", "Facebook.Vietnam.Hcm.Shared\Facebook.Vietnam.Hcm.Shared.shproj", "{C6E789F1-489A-4E38-B061-E91DFF3E4F71}"
EndProject
Project("{FAE04EC0-301F-11D3-BF4B-00C04F79EFBC}") = "Facebook.Vietnam.Hcm.Console.2011.40", "Facebook.Vietnam.Hcm.Console.2011.40\Facebook.Vietnam.Hcm.Console.2011.40.csproj", "{E3D80920-D8DD-40A6-B3C2-DDADF9470654}"
EndProject
Project("{FAE04EC0-301F-11D3-BF4B-00C04F79EFBC}") = "Facebook.Vietnam.Hcm.Console.2013.452", "Facebook.Vietnam.Hcm.Console.2013.452\Facebook.Vietnam.Hcm.Console.2013.452.csproj", "{FF091E9A-CDCD-419E-A3C3-AB4ACF1A9869}"
EndProject
Project("{FAE04EC0-301F-11D3-BF4B-00C04F79EFBC}") = "Facebook.Vietnam.Hcm.Console.2015.452", "Facebook.Vietnam.Hcm.Console.2015.452\Facebook.Vietnam.Hcm.Console.2015.452.csproj", "{FA8840DA-7611-42BE-82C2-703BDCBBF256}"
EndProject
Project("{FAE04EC0-301F-11D3-BF4B-00C04F79EFBC}") = "Facebook.Vietnam.Hcm.Console.2016.452", "Facebook.Vietnam.Hcm.Console.2016.452\Facebook.Vietnam.Hcm.Console.2016.452.csproj", "{A77BFC71-0A16-40E3-8A6C-AF11A3F95D36}"
EndProject
Project("{FAE04EC0-301F-11D3-BF4B-00C04F79EFBC}") = "Facebook.Vietnam.Hcm.Plugin.Account.2011.40", "Facebook.Vietnam.Hcm.Plugin.Account.2011.40\Facebook.Vietnam.Hcm.Plugin.Account.2011.40.csproj", "{E37425FB-5485-458F-A810-DC668FB6CD59}"
EndProject
Project("{FAE04EC0-301F-11D3-BF4B-00C04F79EFBC}") = "Facebook.Vietnam.Hcm.Plugin.Account.2013.452", "Facebook.Vietnam.Hcm.Plugin.Account.2013.452\Facebook.Vietnam.Hcm.Plugin.Account.2013.452.csproj", "{E5B06EFB-93A2-474E-B5C4-DF9BB927360D}"
EndProject
Project("{FAE04EC0-301F-11D3-BF4B-00C04F79EFBC}") = "Facebook.Vietnam.Hcm.Plugin.Account.2015.452", "Facebook.Vietnam.Hcm.Plugin.Account.2015.452\Facebook.Vietnam.Hcm.Plugin.Account.2015.452.csproj", "{ECB49444-B360-4843-91B6-202751F65124}"
EndProject
Project("{FAE04EC0-301F-11D3-BF4B-00C04F79EFBC}") = "Facebook.Vietnam.Hcm.Plugin.Account.2016.452", "Facebook.Vietnam.Hcm.Plugin.Account.2016.452\Facebook.Vietnam.Hcm.Plugin.Account.2016.452.csproj", "{33011E3B-C00B-40E5-AD62-FD00F4A2A7B4}"
EndProject
Project("{FAE04EC0-301F-11D3-BF4B-00C04F79EFBC}") = "Facebook.Vietnam.Hcm.ProxyTypes.2011.40", "Facebook.Vietnam.Hcm.ProxyTypes.2011.40\Facebook.Vietnam.Hcm.ProxyTypes.2011.40.csproj", "{24F931D0-A884-4354-B3C5-47AC3A575D6A}"
EndProject
Project("{FAE04EC0-301F-11D3-BF4B-00C04F79EFBC}") = "Facebook.Vietnam.Hcm.ProxyTypes.2013.452", "Facebook.Vietnam.Hcm.ProxyTypes.2013.452\Facebook.Vietnam.Hcm.ProxyTypes.2013.452.csproj", "{3AEF9717-EE6A-473A-93F0-F41F2EF78E07}"
EndProject
Project("{FAE04EC0-301F-11D3-BF4B-00C04F79EFBC}") = "Facebook.Vietnam.Hcm.ProxyTypes.2015.452", "Facebook.Vietnam.Hcm.ProxyTypes.2015.452\Facebook.Vietnam.Hcm.ProxyTypes.2015.452.csproj", "{80E6C305-04CD-459F-BB6E-0AB8C960557A}"
EndProject
Project("{FAE04EC0-301F-11D3-BF4B-00C04F79EFBC}") = "Facebook.Vietnam.Hcm.ProxyTypes.2016.452", "Facebook.Vietnam.Hcm.ProxyTypes.2016.452\Facebook.Vietnam.Hcm.ProxyTypes.2016.452.csproj", "{B3045EFC-EBDB-477E-AD99-CFFE2273BA8B}"
EndProject
Project("{FAE04EC0-301F-11D3-BF4B-00C04F79EFBC}") = "Facebook.Vietnam.Hcm.Console.365.462", "Facebook.Vietnam.Hcm.Console.365.462\Facebook.Vietnam.Hcm.Console.365.462.csproj", "{54A2875C-80FE-421B-8F94-87B4B65E769F}"
EndProject
Project("{FAE04EC0-301F-11D3-BF4B-00C04F79EFBC}") = "Facebook.Vietnam.Hcm.Plugin.Account.365.462", "Facebook.Vietnam.Hcm.Plugin.Account.365.462\Facebook.Vietnam.Hcm.Plugin.Account.365.462.csproj", "{A222D78F-070D-488F-B261-A1630518CE09}"
EndProject
Project("{FAE04EC0-301F-11D3-BF4B-00C04F79EFBC}") = "Facebook.Vietnam.Hcm.ProxyTypes.365.462", "Facebook.Vietnam.Hcm.ProxyTypes.365.462\Facebook.Vietnam.Hcm.ProxyTypes.365.462.csproj", "{9D932F7A-A527-4B7B-B478-714975EDFB81}"
EndProject
Project("{2150E333-8FDC-42A3-9474-1A3956D46DE8}") = "Solution Items", "Solution Items", "{36299F3B-78D4-4A39-BB29-CE7FCD7B2451}"
	ProjectSection(SolutionItems) = preProject
		PL.DynamicsCrm.DevKit.Cli.json = PL.DynamicsCrm.DevKit.Cli.json
		PL.DynamicsCrm.DevKit.json = PL.DynamicsCrm.DevKit.json
	EndProjectSection
EndProject
Global
	GlobalSection(SharedMSBuildProjectFiles) = preSolution
		Facebook.Vietnam.Hcm.Shared\Facebook.Vietnam.Hcm.Shared.projitems*{33011e3b-c00b-40e5-ad62-fd00f4a2a7b4}*SharedItemsImports = 4
		Facebook.Vietnam.Hcm.Shared\Facebook.Vietnam.Hcm.Shared.projitems*{54a2875c-80fe-421b-8f94-87b4b65e769f}*SharedItemsImports = 4
		Facebook.Vietnam.Hcm.Shared\Facebook.Vietnam.Hcm.Shared.projitems*{a222d78f-070d-488f-b261-a1630518ce09}*SharedItemsImports = 4
		Facebook.Vietnam.Hcm.Shared\Facebook.Vietnam.Hcm.Shared.projitems*{a77bfc71-0a16-40e3-8a6c-af11a3f95d36}*SharedItemsImports = 4
		Facebook.Vietnam.Hcm.Shared\Facebook.Vietnam.Hcm.Shared.projitems*{c6e789f1-489a-4e38-b061-e91dff3e4f71}*SharedItemsImports = 13
		Facebook.Vietnam.Hcm.Shared\Facebook.Vietnam.Hcm.Shared.projitems*{e37425fb-5485-458f-a810-dc668fb6cd59}*SharedItemsImports = 4
		Facebook.Vietnam.Hcm.Shared\Facebook.Vietnam.Hcm.Shared.projitems*{e3d80920-d8dd-40a6-b3c2-ddadf9470654}*SharedItemsImports = 4
		Facebook.Vietnam.Hcm.Shared\Facebook.Vietnam.Hcm.Shared.projitems*{e5b06efb-93a2-474e-b5c4-df9bb927360d}*SharedItemsImports = 4
		Facebook.Vietnam.Hcm.Shared\Facebook.Vietnam.Hcm.Shared.projitems*{ecb49444-b360-4843-91b6-202751f65124}*SharedItemsImports = 4
		Facebook.Vietnam.Hcm.Shared\Facebook.Vietnam.Hcm.Shared.projitems*{fa8840da-7611-42be-82c2-703bdcbbf256}*SharedItemsImports = 4
		Facebook.Vietnam.Hcm.Shared\Facebook.Vietnam.Hcm.Shared.projitems*{ff091e9a-cdcd-419e-a3c3-ab4acf1a9869}*SharedItemsImports = 4
	EndGlobalSection
	GlobalSection(SolutionConfigurationPlatforms) = preSolution
		Debug|Any CPU = Debug|Any CPU
		Release|Any CPU = Release|Any CPU
	EndGlobalSection
	GlobalSection(ProjectConfigurationPlatforms) = postSolution
		{E3D80920-D8DD-40A6-B3C2-DDADF9470654}.Debug|Any CPU.ActiveCfg = Debug|Any CPU
		{E3D80920-D8DD-40A6-B3C2-DDADF9470654}.Debug|Any CPU.Build.0 = Debug|Any CPU
		{E3D80920-D8DD-40A6-B3C2-DDADF9470654}.Release|Any CPU.ActiveCfg = Release|Any CPU
		{E3D80920-D8DD-40A6-B3C2-DDADF9470654}.Release|Any CPU.Build.0 = Release|Any CPU
		{FF091E9A-CDCD-419E-A3C3-AB4ACF1A9869}.Debug|Any CPU.ActiveCfg = Debug|Any CPU
		{FF091E9A-CDCD-419E-A3C3-AB4ACF1A9869}.Debug|Any CPU.Build.0 = Debug|Any CPU
		{FF091E9A-CDCD-419E-A3C3-AB4ACF1A9869}.Release|Any CPU.ActiveCfg = Release|Any CPU
		{FF091E9A-CDCD-419E-A3C3-AB4ACF1A9869}.Release|Any CPU.Build.0 = Release|Any CPU
		{FA8840DA-7611-42BE-82C2-703BDCBBF256}.Debug|Any CPU.ActiveCfg = Debug|Any CPU
		{FA8840DA-7611-42BE-82C2-703BDCBBF256}.Debug|Any CPU.Build.0 = Debug|Any CPU
		{FA8840DA-7611-42BE-82C2-703BDCBBF256}.Release|Any CPU.ActiveCfg = Release|Any CPU
		{FA8840DA-7611-42BE-82C2-703BDCBBF256}.Release|Any CPU.Build.0 = Release|Any CPU
		{A77BFC71-0A16-40E3-8A6C-AF11A3F95D36}.Debug|Any CPU.ActiveCfg = Debug|Any CPU
		{A77BFC71-0A16-40E3-8A6C-AF11A3F95D36}.Debug|Any CPU.Build.0 = Debug|Any CPU
		{A77BFC71-0A16-40E3-8A6C-AF11A3F95D36}.Release|Any CPU.ActiveCfg = Release|Any CPU
		{A77BFC71-0A16-40E3-8A6C-AF11A3F95D36}.Release|Any CPU.Build.0 = Release|Any CPU
		{E37425FB-5485-458F-A810-DC668FB6CD59}.Debug|Any CPU.ActiveCfg = Debug|Any CPU
		{E37425FB-5485-458F-A810-DC668FB6CD59}.Debug|Any CPU.Build.0 = Debug|Any CPU
		{E37425FB-5485-458F-A810-DC668FB6CD59}.Release|Any CPU.ActiveCfg = Release|Any CPU
		{E37425FB-5485-458F-A810-DC668FB6CD59}.Release|Any CPU.Build.0 = Release|Any CPU
		{E5B06EFB-93A2-474E-B5C4-DF9BB927360D}.Debug|Any CPU.ActiveCfg = Debug|Any CPU
		{E5B06EFB-93A2-474E-B5C4-DF9BB927360D}.Debug|Any CPU.Build.0 = Debug|Any CPU
		{E5B06EFB-93A2-474E-B5C4-DF9BB927360D}.Release|Any CPU.ActiveCfg = Release|Any CPU
		{E5B06EFB-93A2-474E-B5C4-DF9BB927360D}.Release|Any CPU.Build.0 = Release|Any CPU
		{ECB49444-B360-4843-91B6-202751F65124}.Debug|Any CPU.ActiveCfg = Debug|Any CPU
		{ECB49444-B360-4843-91B6-202751F65124}.Debug|Any CPU.Build.0 = Debug|Any CPU
		{ECB49444-B360-4843-91B6-202751F65124}.Release|Any CPU.ActiveCfg = Release|Any CPU
		{ECB49444-B360-4843-91B6-202751F65124}.Release|Any CPU.Build.0 = Release|Any CPU
		{33011E3B-C00B-40E5-AD62-FD00F4A2A7B4}.Debug|Any CPU.ActiveCfg = Debug|Any CPU
		{33011E3B-C00B-40E5-AD62-FD00F4A2A7B4}.Debug|Any CPU.Build.0 = Debug|Any CPU
		{33011E3B-C00B-40E5-AD62-FD00F4A2A7B4}.Release|Any CPU.ActiveCfg = Release|Any CPU
		{33011E3B-C00B-40E5-AD62-FD00F4A2A7B4}.Release|Any CPU.Build.0 = Release|Any CPU
		{24F931D0-A884-4354-B3C5-47AC3A575D6A}.Debug|Any CPU.ActiveCfg = Debug|Any CPU
		{24F931D0-A884-4354-B3C5-47AC3A575D6A}.Debug|Any CPU.Build.0 = Debug|Any CPU
		{24F931D0-A884-4354-B3C5-47AC3A575D6A}.Release|Any CPU.ActiveCfg = Release|Any CPU
		{24F931D0-A884-4354-B3C5-47AC3A575D6A}.Release|Any CPU.Build.0 = Release|Any CPU
		{3AEF9717-EE6A-473A-93F0-F41F2EF78E07}.Debug|Any CPU.ActiveCfg = Debug|Any CPU
		{3AEF9717-EE6A-473A-93F0-F41F2EF78E07}.Debug|Any CPU.Build.0 = Debug|Any CPU
		{3AEF9717-EE6A-473A-93F0-F41F2EF78E07}.Release|Any CPU.ActiveCfg = Release|Any CPU
		{3AEF9717-EE6A-473A-93F0-F41F2EF78E07}.Release|Any CPU.Build.0 = Release|Any CPU
		{80E6C305-04CD-459F-BB6E-0AB8C960557A}.Debug|Any CPU.ActiveCfg = Debug|Any CPU
		{80E6C305-04CD-459F-BB6E-0AB8C960557A}.Debug|Any CPU.Build.0 = Debug|Any CPU
		{80E6C305-04CD-459F-BB6E-0AB8C960557A}.Release|Any CPU.ActiveCfg = Release|Any CPU
		{80E6C305-04CD-459F-BB6E-0AB8C960557A}.Release|Any CPU.Build.0 = Release|Any CPU
		{B3045EFC-EBDB-477E-AD99-CFFE2273BA8B}.Debug|Any CPU.ActiveCfg = Debug|Any CPU
		{B3045EFC-EBDB-477E-AD99-CFFE2273BA8B}.Debug|Any CPU.Build.0 = Debug|Any CPU
		{B3045EFC-EBDB-477E-AD99-CFFE2273BA8B}.Release|Any CPU.ActiveCfg = Release|Any CPU
		{B3045EFC-EBDB-477E-AD99-CFFE2273BA8B}.Release|Any CPU.Build.0 = Release|Any CPU
		{54A2875C-80FE-421B-8F94-87B4B65E769F}.Debug|Any CPU.ActiveCfg = Debug|Any CPU
		{54A2875C-80FE-421B-8F94-87B4B65E769F}.Debug|Any CPU.Build.0 = Debug|Any CPU
		{54A2875C-80FE-421B-8F94-87B4B65E769F}.Release|Any CPU.ActiveCfg = Release|Any CPU
		{54A2875C-80FE-421B-8F94-87B4B65E769F}.Release|Any CPU.Build.0 = Release|Any CPU
		{A222D78F-070D-488F-B261-A1630518CE09}.Debug|Any CPU.ActiveCfg = Debug|Any CPU
		{A222D78F-070D-488F-B261-A1630518CE09}.Debug|Any CPU.Build.0 = Debug|Any CPU
		{A222D78F-070D-488F-B261-A1630518CE09}.Release|Any CPU.ActiveCfg = Release|Any CPU
		{A222D78F-070D-488F-B261-A1630518CE09}.Release|Any CPU.Build.0 = Release|Any CPU
		{9D932F7A-A527-4B7B-B478-714975EDFB81}.Debug|Any CPU.ActiveCfg = Debug|Any CPU
		{9D932F7A-A527-4B7B-B478-714975EDFB81}.Debug|Any CPU.Build.0 = Debug|Any CPU
		{9D932F7A-A527-4B7B-B478-714975EDFB81}.Release|Any CPU.ActiveCfg = Release|Any CPU
		{9D932F7A-A527-4B7B-B478-714975EDFB81}.Release|Any CPU.Build.0 = Release|Any CPU
	EndGlobalSection
	GlobalSection(SolutionProperties) = preSolution
		HideSolutionNode = FALSE
	EndGlobalSection
	GlobalSection(ExtensibilityGlobals) = postSolution
		SolutionGuid = {E1205837-9D2E-4AF7-A8E2-C7D777247605}
	EndGlobalSection
EndGlobal
