
Microsoft Visual Studio Solution File, Format Version 12.00
# Visual Studio Version 16
VisualStudioVersion = 16.0.29009.5
MinimumVisualStudioVersion = 10.0.40219.1
Project("{D954291E-2A0B-460D-934E-DC6B0785DB48}") = "Facebook.Vietnam.Hcm.Shared", "Facebook.Vietnam.Hcm.Shared\Facebook.Vietnam.Hcm.Shared.shproj", "{C6E789F1-489A-4E38-B061-E91DFF3E4F71}"
EndProject
Project("{FAE04EC0-301F-11D3-BF4B-00C04F79EFBC}") = "Facebook.Vietnam.Hcm.Console.2011.40", "Facebook.Vietnam.Hcm.Console.2011.40\Facebook.Vietnam.Hcm.Console.2011.40.csproj", "{E3D80920-D8DD-40A6-B3C2-DDADF9470654}"
EndProject
Project("{FAE04EC0-301F-11D3-BF4B-00C04F79EFBC}") = "Facebook.Vietnam.Hcm.Console.2013.452", "Facebook.Vietnam.Hcm.Console.2013.452\Facebook.Vietnam.Hcm.Console.2013.452.csproj", "{FF091E9A-CDCD-419E-A3C3-AB4ACF1A9869}"
EndProject
Project("{FAE04EC0-301F-11D3-BF4B-00C04F79EFBC}") = "Facebook.Vietnam.Hcm.Console.2015.452", "Facebook.Vietnam.Hcm.Console.2015.452\Facebook.Vietnam.Hcm.Console.2015.452.csproj", "{FA8840DA-7611-42BE-82C2-703BDCBBF256}"
EndProject
Project("{FAE04EC0-301F-11D3-BF4B-00C04F79EFBC}") = "Facebook.Vietnam.Hcm.Console.2016.452", "Facebook.Vietnam.Hcm.Console.2016.452\Facebook.Vietnam.Hcm.Console.2016.452.csproj", "{A77BFC71-0A16-40E3-8A6C-AF11A3F95D36}"
EndProject
Project("{FAE04EC0-301F-11D3-BF4B-00C04F79EFBC}") = "Facebook.Vietnam.Hcm.Plugin.Account.2011.40", "Facebook.Vietnam.Hcm.Plugin.Account.2011.40\Facebook.Vietnam.Hcm.Plugin.Account.2011.40.csproj", "{E37425FB-5485-458F-A810-DC668FB6CD59}"
EndProject
Project("{FAE04EC0-301F-11D3-BF4B-00C04F79EFBC}") = "Facebook.Vietnam.Hcm.Plugin.Account.2013.452", "Facebook.Vietnam.Hcm.Plugin.Account.2013.452\Facebook.Vietnam.Hcm.Plugin.Account.2013.452.csproj", "{E5B06EFB-93A2-474E-B5C4-DF9BB927360D}"
EndProject
Project("{FAE04EC0-301F-11D3-BF4B-00C04F79EFBC}") = "Facebook.Vietnam.Hcm.Plugin.Account.2015.452", "Facebook.Vietnam.Hcm.Plugin.Account.2015.452\Facebook.Vietnam.Hcm.Plugin.Account.2015.452.csproj", "{ECB49444-B360-4843-91B6-202751F65124}"
EndProject
Project("{FAE04EC0-301F-11D3-BF4B-00C04F79EFBC}") = "Facebook.Vietnam.Hcm.Plugin.Account.2016.452", "Facebook.Vietnam.Hcm.Plugin.Account.2016.452\Facebook.Vietnam.Hcm.Plugin.Account.2016.452.csproj", "{33011E3B-C00B-40E5-AD62-FD00F4A2A7B4}"
EndProject
Project("{FAE04EC0-301F-11D3-BF4B-00C04F79EFBC}") = "Facebook.Vietnam.Hcm.ProxyTypes.2011.40", "Facebook.Vietnam.Hcm.ProxyTypes.2011.40\Facebook.Vietnam.Hcm.ProxyTypes.2011.40.csproj", "{24F931D0-A884-4354-B3C5-47AC3A575D6A}"
EndProject
Project("{FAE04EC0-301F-11D3-BF4B-00C04F79EFBC}") = "Facebook.Vietnam.Hcm.ProxyTypes.2013.452", "Facebook.Vietnam.Hcm.ProxyTypes.2013.452\Facebook.Vietnam.Hcm.ProxyTypes.2013.452.csproj", "{3AEF9717-EE6A-473A-93F0-F41F2EF78E07}"
EndProject
Project("{FAE04EC0-301F-11D3-BF4B-00C04F79EFBC}") = "Facebook.Vietnam.Hcm.ProxyTypes.2015.452", "Facebook.Vietnam.Hcm.ProxyTypes.2015.452\Facebook.Vietnam.Hcm.ProxyTypes.2015.452.csproj", "{80E6C305-04CD-459F-BB6E-0AB8C960557A}"
EndProject
Project("{FAE04EC0-301F-11D3-BF4B-00C04F79EFBC}") = "Facebook.Vietnam.Hcm.ProxyTypes.2016.452", "Facebook.Vietnam.Hcm.ProxyTypes.2016.452\Facebook.Vietnam.Hcm.ProxyTypes.2016.452.csproj", "{B3045EFC-EBDB-477E-AD99-CFFE2273BA8B}"
EndProject
Project("{FAE04EC0-301F-11D3-BF4B-00C04F79EFBC}") = "Facebook.Vietnam.Hcm.Console.365.462", "Facebook.Vietnam.Hcm.Console.365.462\Facebook.Vietnam.Hcm.Console.365.462.csproj", "{54A2875C-80FE-421B-8F94-87B4B65E769F}"
EndProject
Project("{FAE04EC0-301F-11D3-BF4B-00C04F79EFBC}") = "Facebook.Vietnam.Hcm.Plugin.Account.365.462", "Facebook.Vietnam.Hcm.Plugin.Account.365.462\Facebook.Vietnam.Hcm.Plugin.Account.365.462.csproj", "{A222D78F-070D-488F-B261-A1630518CE09}"
EndProject
Project("{FAE04EC0-301F-11D3-BF4B-00C04F79EFBC}") = "Facebook.Vietnam.Hcm.ProxyTypes.365.462", "Facebook.Vietnam.Hcm.ProxyTypes.365.462\Facebook.Vietnam.Hcm.ProxyTypes.365.462.csproj", "{9D932F7A-A527-4B7B-B478-714975EDFB81}"
EndProject
Project("{2150E333-8FDC-42A3-9474-1A3956D46DE8}") = "Solution Items", "Solution Items", "{36299F3B-78D4-4A39-BB29-CE7FCD7B2451}"
	ProjectSection(SolutionItems) = preProject
		PL.DynamicsCrm.DevKit.Cli.json = PL.DynamicsCrm.DevKit.Cli.json
		PL.DynamicsCrm.DevKit.json = PL.DynamicsCrm.DevKit.json
	EndProjectSection
EndProject
Project("{FAE04EC0-301F-11D3-BF4B-00C04F79EFBC}") = "Facebook.Vietnam.Hcm.Workflow.Account.2011.40", "Facebook.Vietnam.Hcm.Workflow.Account.2011.40\Facebook.Vietnam.Hcm.Workflow.Account.2011.40.csproj", "{463CEA6E-4AFC-4A14-BE61-35F642129C2A}"
EndProject
Project("{FAE04EC0-301F-11D3-BF4B-00C04F79EFBC}") = "Facebook.Vietnam.Hcm.Workflow.Account.2013.452", "Facebook.Vietnam.Hcm.Workflow.Account.2013.452\Facebook.Vietnam.Hcm.Workflow.Account.2013.452.csproj", "{30D57B5A-54AA-4C5C-AD21-BF04414EA8F5}"
EndProject
Project("{FAE04EC0-301F-11D3-BF4B-00C04F79EFBC}") = "Facebook.Vietnam.Hcm.Workflow.Account.2015.452", "Facebook.Vietnam.Hcm.Workflow.Account.2015.452\Facebook.Vietnam.Hcm.Workflow.Account.2015.452.csproj", "{45948035-7EB3-4463-B446-11EF146E5A7F}"
EndProject
Project("{FAE04EC0-301F-11D3-BF4B-00C04F79EFBC}") = "Facebook.Vietnam.Hcm.Workflow.Account.2016.452", "Facebook.Vietnam.Hcm.Workflow.Account.2016.452\Facebook.Vietnam.Hcm.Workflow.Account.2016.452.csproj", "{A39201C4-FCC8-4299-A9DB-C46A8740EEB1}"
EndProject
Project("{FAE04EC0-301F-11D3-BF4B-00C04F79EFBC}") = "Facebook.Vietnam.Hcm.Workflow.Account.365.462", "Facebook.Vietnam.Hcm.Workflow.Account.365.462\Facebook.Vietnam.Hcm.Workflow.Account.365.462.csproj", "{F2BAF180-2204-440D-89B3-68F5CC9743E6}"
EndProject
Project("{FAE04EC0-301F-11D3-BF4B-00C04F79EFBC}") = "Facebook.Vietnam.Hcm.CustomAction.Account.2011.40", "Facebook.Vietnam.Hcm.CustomAction.Account.2011.40\Facebook.Vietnam.Hcm.CustomAction.Account.2011.40.csproj", "{D61870A1-51B4-4437-A41F-AC5DA5C9A6C6}"
EndProject
Project("{FAE04EC0-301F-11D3-BF4B-00C04F79EFBC}") = "Facebook.Vietnam.Hcm.CustomAction.Account.2013.452", "Facebook.Vietnam.Hcm.CustomAction.Account.2013.452\Facebook.Vietnam.Hcm.CustomAction.Account.2013.452.csproj", "{10F2E99B-3507-48EF-BAE3-9D59CABD36CE}"
EndProject
Project("{FAE04EC0-301F-11D3-BF4B-00C04F79EFBC}") = "Facebook.Vietnam.Hcm.CustomAction.Account.2015.452", "Facebook.Vietnam.Hcm.CustomAction.Account.2015.452\Facebook.Vietnam.Hcm.CustomAction.Account.2015.452.csproj", "{B6AB5582-1569-4DDF-9552-9887BA490715}"
EndProject
Project("{FAE04EC0-301F-11D3-BF4B-00C04F79EFBC}") = "Facebook.Vietnam.Hcm.CustomAction.Account.2016.452", "Facebook.Vietnam.Hcm.CustomAction.Account.2016.452\Facebook.Vietnam.Hcm.CustomAction.Account.2016.452.csproj", "{DD7816BE-9894-4021-B3A8-4F1269701435}"
EndProject
Project("{FAE04EC0-301F-11D3-BF4B-00C04F79EFBC}") = "Facebook.Vietnam.Hcm.CustomAction.Account.365.462", "Facebook.Vietnam.Hcm.CustomAction.Account.365.462\Facebook.Vietnam.Hcm.CustomAction.Account.365.462.csproj", "{1836F491-F68B-4FEB-888D-EDC78D3FE37A}"
EndProject
Project("{FAE04EC0-301F-11D3-BF4B-00C04F79EFBC}") = "Facebook.Vietnam.Hcm.DataProvider", "Facebook.Vietnam.Hcm.DataProvider\Facebook.Vietnam.Hcm.DataProvider.csproj", "{B7196858-2124-40EE-B237-C55FE6CA1CFA}"
EndProject
Project("{FAE04EC0-301F-11D3-BF4B-00C04F79EFBC}") = "Facebook.Vietnam.Hcm.WebResource.365.462", "Facebook.Vietnam.Hcm.WebResource.365.462\Facebook.Vietnam.Hcm.WebResource.365.462.csproj", "{273D4F2E-3348-4ED3-9221-5F8017E28850}"
EndProject
Project("{FAE04EC0-301F-11D3-BF4B-00C04F79EFBC}") = "Facebook.Vietnam.Hcm.WebResource.2011.40", "Facebook.Vietnam.Hcm.WebResource.2011.40\Facebook.Vietnam.Hcm.WebResource.2011.40.csproj", "{FE3039D2-7EE9-49BA-869E-DE2E9C36D3C6}"
EndProject
Project("{FAE04EC0-301F-11D3-BF4B-00C04F79EFBC}") = "Facebook.Vietnam.Hcm.WebResource.2013.452", "Facebook.Vietnam.Hcm.WebResource.2013.452\Facebook.Vietnam.Hcm.WebResource.2013.452.csproj", "{8A99233A-17D4-4232-A367-4F971A054969}"
EndProject
Project("{FAE04EC0-301F-11D3-BF4B-00C04F79EFBC}") = "Facebook.Vietnam.Hcm.WebResource.2015.452", "Facebook.Vietnam.Hcm.WebResource.2015.452\Facebook.Vietnam.Hcm.WebResource.2015.452.csproj", "{3A531255-387E-43F8-B3BB-9B3D6060AEF1}"
EndProject
Project("{FAE04EC0-301F-11D3-BF4B-00C04F79EFBC}") = "Facebook.Vietnam.Hcm.WebResource.2016.452", "Facebook.Vietnam.Hcm.WebResource.2016.452\Facebook.Vietnam.Hcm.WebResource.2016.452.csproj", "{898DBE07-71BF-4661-AF46-49285ED127CF}"
EndProject
Project("{FAE04EC0-301F-11D3-BF4B-00C04F79EFBC}") = "Facebook.Vietnam.Hcm.SolutionPackager.365.462", "Facebook.Vietnam.Hcm.SolutionPackager.365.462\Facebook.Vietnam.Hcm.SolutionPackager.365.462.csproj", "{E4955611-CFBA-4C3B-8B18-3EA20E01C091}"
EndProject
Global
	GlobalSection(SharedMSBuildProjectFiles) = preSolution
		Facebook.Vietnam.Hcm.Shared\Facebook.Vietnam.Hcm.Shared.projitems*{10f2e99b-3507-48ef-bae3-9d59cabd36ce}*SharedItemsImports = 4
		Facebook.Vietnam.Hcm.Shared\Facebook.Vietnam.Hcm.Shared.projitems*{1836f491-f68b-4feb-888d-edc78d3fe37a}*SharedItemsImports = 4
		Facebook.Vietnam.Hcm.Shared\Facebook.Vietnam.Hcm.Shared.projitems*{30d57b5a-54aa-4c5c-ad21-bf04414ea8f5}*SharedItemsImports = 4
		Facebook.Vietnam.Hcm.Shared\Facebook.Vietnam.Hcm.Shared.projitems*{33011e3b-c00b-40e5-ad62-fd00f4a2a7b4}*SharedItemsImports = 4
		Facebook.Vietnam.Hcm.Shared\Facebook.Vietnam.Hcm.Shared.projitems*{45948035-7eb3-4463-b446-11ef146e5a7f}*SharedItemsImports = 4
		Facebook.Vietnam.Hcm.Shared\Facebook.Vietnam.Hcm.Shared.projitems*{463cea6e-4afc-4a14-be61-35f642129c2a}*SharedItemsImports = 4
		Facebook.Vietnam.Hcm.Shared\Facebook.Vietnam.Hcm.Shared.projitems*{54a2875c-80fe-421b-8f94-87b4b65e769f}*SharedItemsImports = 4
		Facebook.Vietnam.Hcm.Shared\Facebook.Vietnam.Hcm.Shared.projitems*{a222d78f-070d-488f-b261-a1630518ce09}*SharedItemsImports = 4
		Facebook.Vietnam.Hcm.Shared\Facebook.Vietnam.Hcm.Shared.projitems*{a39201c4-fcc8-4299-a9db-c46a8740eeb1}*SharedItemsImports = 4
		Facebook.Vietnam.Hcm.Shared\Facebook.Vietnam.Hcm.Shared.projitems*{a77bfc71-0a16-40e3-8a6c-af11a3f95d36}*SharedItemsImports = 4
		Facebook.Vietnam.Hcm.Shared\Facebook.Vietnam.Hcm.Shared.projitems*{b6ab5582-1569-4ddf-9552-9887ba490715}*SharedItemsImports = 4
		Facebook.Vietnam.Hcm.Shared\Facebook.Vietnam.Hcm.Shared.projitems*{b7196858-2124-40ee-b237-c55fe6ca1cfa}*SharedItemsImports = 4
		Facebook.Vietnam.Hcm.Shared\Facebook.Vietnam.Hcm.Shared.projitems*{c6e789f1-489a-4e38-b061-e91dff3e4f71}*SharedItemsImports = 13
		Facebook.Vietnam.Hcm.Shared\Facebook.Vietnam.Hcm.Shared.projitems*{d61870a1-51b4-4437-a41f-ac5da5c9a6c6}*SharedItemsImports = 4
		Facebook.Vietnam.Hcm.Shared\Facebook.Vietnam.Hcm.Shared.projitems*{dd7816be-9894-4021-b3a8-4f1269701435}*SharedItemsImports = 4
		Facebook.Vietnam.Hcm.Shared\Facebook.Vietnam.Hcm.Shared.projitems*{e37425fb-5485-458f-a810-dc668fb6cd59}*SharedItemsImports = 4
		Facebook.Vietnam.Hcm.Shared\Facebook.Vietnam.Hcm.Shared.projitems*{e3d80920-d8dd-40a6-b3c2-ddadf9470654}*SharedItemsImports = 4
		Facebook.Vietnam.Hcm.Shared\Facebook.Vietnam.Hcm.Shared.projitems*{e5b06efb-93a2-474e-b5c4-df9bb927360d}*SharedItemsImports = 4
		Facebook.Vietnam.Hcm.Shared\Facebook.Vietnam.Hcm.Shared.projitems*{ecb49444-b360-4843-91b6-202751f65124}*SharedItemsImports = 4
		Facebook.Vietnam.Hcm.Shared\Facebook.Vietnam.Hcm.Shared.projitems*{f2baf180-2204-440d-89b3-68f5cc9743e6}*SharedItemsImports = 4
		Facebook.Vietnam.Hcm.Shared\Facebook.Vietnam.Hcm.Shared.projitems*{fa8840da-7611-42be-82c2-703bdcbbf256}*SharedItemsImports = 4
		Facebook.Vietnam.Hcm.Shared\Facebook.Vietnam.Hcm.Shared.projitems*{ff091e9a-cdcd-419e-a3c3-ab4acf1a9869}*SharedItemsImports = 4
	EndGlobalSection
	GlobalSection(SolutionConfigurationPlatforms) = preSolution
		Debug|Any CPU = Debug|Any CPU
		Release|Any CPU = Release|Any CPU
	EndGlobalSection
	GlobalSection(ProjectConfigurationPlatforms) = postSolution
		{E3D80920-D8DD-40A6-B3C2-DDADF9470654}.Debug|Any CPU.ActiveCfg = Debug|Any CPU
		{E3D80920-D8DD-40A6-B3C2-DDADF9470654}.Debug|Any CPU.Build.0 = Debug|Any CPU
		{E3D80920-D8DD-40A6-B3C2-DDADF9470654}.Release|Any CPU.ActiveCfg = Release|Any CPU
		{E3D80920-D8DD-40A6-B3C2-DDADF9470654}.Release|Any CPU.Build.0 = Release|Any CPU
		{FF091E9A-CDCD-419E-A3C3-AB4ACF1A9869}.Debug|Any CPU.ActiveCfg = Debug|Any CPU
		{FF091E9A-CDCD-419E-A3C3-AB4ACF1A9869}.Debug|Any CPU.Build.0 = Debug|Any CPU
		{FF091E9A-CDCD-419E-A3C3-AB4ACF1A9869}.Release|Any CPU.ActiveCfg = Release|Any CPU
		{FF091E9A-CDCD-419E-A3C3-AB4ACF1A9869}.Release|Any CPU.Build.0 = Release|Any CPU
		{FA8840DA-7611-42BE-82C2-703BDCBBF256}.Debug|Any CPU.ActiveCfg = Debug|Any CPU
		{FA8840DA-7611-42BE-82C2-703BDCBBF256}.Debug|Any CPU.Build.0 = Debug|Any CPU
		{FA8840DA-7611-42BE-82C2-703BDCBBF256}.Release|Any CPU.ActiveCfg = Release|Any CPU
		{FA8840DA-7611-42BE-82C2-703BDCBBF256}.Release|Any CPU.Build.0 = Release|Any CPU
		{A77BFC71-0A16-40E3-8A6C-AF11A3F95D36}.Debug|Any CPU.ActiveCfg = Debug|Any CPU
		{A77BFC71-0A16-40E3-8A6C-AF11A3F95D36}.Debug|Any CPU.Build.0 = Debug|Any CPU
		{A77BFC71-0A16-40E3-8A6C-AF11A3F95D36}.Release|Any CPU.ActiveCfg = Release|Any CPU
		{A77BFC71-0A16-40E3-8A6C-AF11A3F95D36}.Release|Any CPU.Build.0 = Release|Any CPU
		{E37425FB-5485-458F-A810-DC668FB6CD59}.Debug|Any CPU.ActiveCfg = Debug|Any CPU
		{E37425FB-5485-458F-A810-DC668FB6CD59}.Debug|Any CPU.Build.0 = Debug|Any CPU
		{E37425FB-5485-458F-A810-DC668FB6CD59}.Release|Any CPU.ActiveCfg = Release|Any CPU
		{E37425FB-5485-458F-A810-DC668FB6CD59}.Release|Any CPU.Build.0 = Release|Any CPU
		{E5B06EFB-93A2-474E-B5C4-DF9BB927360D}.Debug|Any CPU.ActiveCfg = Debug|Any CPU
		{E5B06EFB-93A2-474E-B5C4-DF9BB927360D}.Debug|Any CPU.Build.0 = Debug|Any CPU
		{E5B06EFB-93A2-474E-B5C4-DF9BB927360D}.Release|Any CPU.ActiveCfg = Release|Any CPU
		{E5B06EFB-93A2-474E-B5C4-DF9BB927360D}.Release|Any CPU.Build.0 = Release|Any CPU
		{ECB49444-B360-4843-91B6-202751F65124}.Debug|Any CPU.ActiveCfg = Debug|Any CPU
		{ECB49444-B360-4843-91B6-202751F65124}.Debug|Any CPU.Build.0 = Debug|Any CPU
		{ECB49444-B360-4843-91B6-202751F65124}.Release|Any CPU.ActiveCfg = Release|Any CPU
		{ECB49444-B360-4843-91B6-202751F65124}.Release|Any CPU.Build.0 = Release|Any CPU
		{33011E3B-C00B-40E5-AD62-FD00F4A2A7B4}.Debug|Any CPU.ActiveCfg = Debug|Any CPU
		{33011E3B-C00B-40E5-AD62-FD00F4A2A7B4}.Debug|Any CPU.Build.0 = Debug|Any CPU
		{33011E3B-C00B-40E5-AD62-FD00F4A2A7B4}.Release|Any CPU.ActiveCfg = Release|Any CPU
		{33011E3B-C00B-40E5-AD62-FD00F4A2A7B4}.Release|Any CPU.Build.0 = Release|Any CPU
		{24F931D0-A884-4354-B3C5-47AC3A575D6A}.Debug|Any CPU.ActiveCfg = Debug|Any CPU
		{24F931D0-A884-4354-B3C5-47AC3A575D6A}.Debug|Any CPU.Build.0 = Debug|Any CPU
		{24F931D0-A884-4354-B3C5-47AC3A575D6A}.Release|Any CPU.ActiveCfg = Release|Any CPU
		{24F931D0-A884-4354-B3C5-47AC3A575D6A}.Release|Any CPU.Build.0 = Release|Any CPU
		{3AEF9717-EE6A-473A-93F0-F41F2EF78E07}.Debug|Any CPU.ActiveCfg = Debug|Any CPU
		{3AEF9717-EE6A-473A-93F0-F41F2EF78E07}.Debug|Any CPU.Build.0 = Debug|Any CPU
		{3AEF9717-EE6A-473A-93F0-F41F2EF78E07}.Release|Any CPU.ActiveCfg = Release|Any CPU
		{3AEF9717-EE6A-473A-93F0-F41F2EF78E07}.Release|Any CPU.Build.0 = Release|Any CPU
		{80E6C305-04CD-459F-BB6E-0AB8C960557A}.Debug|Any CPU.ActiveCfg = Debug|Any CPU
		{80E6C305-04CD-459F-BB6E-0AB8C960557A}.Debug|Any CPU.Build.0 = Debug|Any CPU
		{80E6C305-04CD-459F-BB6E-0AB8C960557A}.Release|Any CPU.ActiveCfg = Release|Any CPU
		{80E6C305-04CD-459F-BB6E-0AB8C960557A}.Release|Any CPU.Build.0 = Release|Any CPU
		{B3045EFC-EBDB-477E-AD99-CFFE2273BA8B}.Debug|Any CPU.ActiveCfg = Debug|Any CPU
		{B3045EFC-EBDB-477E-AD99-CFFE2273BA8B}.Debug|Any CPU.Build.0 = Debug|Any CPU
		{B3045EFC-EBDB-477E-AD99-CFFE2273BA8B}.Release|Any CPU.ActiveCfg = Release|Any CPU
		{B3045EFC-EBDB-477E-AD99-CFFE2273BA8B}.Release|Any CPU.Build.0 = Release|Any CPU
		{54A2875C-80FE-421B-8F94-87B4B65E769F}.Debug|Any CPU.ActiveCfg = Debug|Any CPU
		{54A2875C-80FE-421B-8F94-87B4B65E769F}.Debug|Any CPU.Build.0 = Debug|Any CPU
		{54A2875C-80FE-421B-8F94-87B4B65E769F}.Release|Any CPU.ActiveCfg = Release|Any CPU
		{54A2875C-80FE-421B-8F94-87B4B65E769F}.Release|Any CPU.Build.0 = Release|Any CPU
		{A222D78F-070D-488F-B261-A1630518CE09}.Debug|Any CPU.ActiveCfg = Debug|Any CPU
		{A222D78F-070D-488F-B261-A1630518CE09}.Debug|Any CPU.Build.0 = Debug|Any CPU
		{A222D78F-070D-488F-B261-A1630518CE09}.Release|Any CPU.ActiveCfg = Release|Any CPU
		{A222D78F-070D-488F-B261-A1630518CE09}.Release|Any CPU.Build.0 = Release|Any CPU
		{9D932F7A-A527-4B7B-B478-714975EDFB81}.Debug|Any CPU.ActiveCfg = Debug|Any CPU
		{9D932F7A-A527-4B7B-B478-714975EDFB81}.Debug|Any CPU.Build.0 = Debug|Any CPU
		{9D932F7A-A527-4B7B-B478-714975EDFB81}.Release|Any CPU.ActiveCfg = Release|Any CPU
		{9D932F7A-A527-4B7B-B478-714975EDFB81}.Release|Any CPU.Build.0 = Release|Any CPU
		{463CEA6E-4AFC-4A14-BE61-35F642129C2A}.Debug|Any CPU.ActiveCfg = Debug|Any CPU
		{463CEA6E-4AFC-4A14-BE61-35F642129C2A}.Debug|Any CPU.Build.0 = Debug|Any CPU
		{463CEA6E-4AFC-4A14-BE61-35F642129C2A}.Release|Any CPU.ActiveCfg = Release|Any CPU
		{463CEA6E-4AFC-4A14-BE61-35F642129C2A}.Release|Any CPU.Build.0 = Release|Any CPU
		{30D57B5A-54AA-4C5C-AD21-BF04414EA8F5}.Debug|Any CPU.ActiveCfg = Debug|Any CPU
		{30D57B5A-54AA-4C5C-AD21-BF04414EA8F5}.Debug|Any CPU.Build.0 = Debug|Any CPU
		{30D57B5A-54AA-4C5C-AD21-BF04414EA8F5}.Release|Any CPU.ActiveCfg = Release|Any CPU
		{30D57B5A-54AA-4C5C-AD21-BF04414EA8F5}.Release|Any CPU.Build.0 = Release|Any CPU
		{45948035-7EB3-4463-B446-11EF146E5A7F}.Debug|Any CPU.ActiveCfg = Debug|Any CPU
		{45948035-7EB3-4463-B446-11EF146E5A7F}.Debug|Any CPU.Build.0 = Debug|Any CPU
		{45948035-7EB3-4463-B446-11EF146E5A7F}.Release|Any CPU.ActiveCfg = Release|Any CPU
		{45948035-7EB3-4463-B446-11EF146E5A7F}.Release|Any CPU.Build.0 = Release|Any CPU
		{A39201C4-FCC8-4299-A9DB-C46A8740EEB1}.Debug|Any CPU.ActiveCfg = Debug|Any CPU
		{A39201C4-FCC8-4299-A9DB-C46A8740EEB1}.Debug|Any CPU.Build.0 = Debug|Any CPU
		{A39201C4-FCC8-4299-A9DB-C46A8740EEB1}.Release|Any CPU.ActiveCfg = Release|Any CPU
		{A39201C4-FCC8-4299-A9DB-C46A8740EEB1}.Release|Any CPU.Build.0 = Release|Any CPU
		{F2BAF180-2204-440D-89B3-68F5CC9743E6}.Debug|Any CPU.ActiveCfg = Debug|Any CPU
		{F2BAF180-2204-440D-89B3-68F5CC9743E6}.Debug|Any CPU.Build.0 = Debug|Any CPU
		{F2BAF180-2204-440D-89B3-68F5CC9743E6}.Release|Any CPU.ActiveCfg = Release|Any CPU
		{F2BAF180-2204-440D-89B3-68F5CC9743E6}.Release|Any CPU.Build.0 = Release|Any CPU
		{D61870A1-51B4-4437-A41F-AC5DA5C9A6C6}.Debug|Any CPU.ActiveCfg = Debug|Any CPU
		{D61870A1-51B4-4437-A41F-AC5DA5C9A6C6}.Debug|Any CPU.Build.0 = Debug|Any CPU
		{D61870A1-51B4-4437-A41F-AC5DA5C9A6C6}.Release|Any CPU.ActiveCfg = Release|Any CPU
		{D61870A1-51B4-4437-A41F-AC5DA5C9A6C6}.Release|Any CPU.Build.0 = Release|Any CPU
		{10F2E99B-3507-48EF-BAE3-9D59CABD36CE}.Debug|Any CPU.ActiveCfg = Debug|Any CPU
		{10F2E99B-3507-48EF-BAE3-9D59CABD36CE}.Debug|Any CPU.Build.0 = Debug|Any CPU
		{10F2E99B-3507-48EF-BAE3-9D59CABD36CE}.Release|Any CPU.ActiveCfg = Release|Any CPU
		{10F2E99B-3507-48EF-BAE3-9D59CABD36CE}.Release|Any CPU.Build.0 = Release|Any CPU
		{B6AB5582-1569-4DDF-9552-9887BA490715}.Debug|Any CPU.ActiveCfg = Debug|Any CPU
		{B6AB5582-1569-4DDF-9552-9887BA490715}.Debug|Any CPU.Build.0 = Debug|Any CPU
		{B6AB5582-1569-4DDF-9552-9887BA490715}.Release|Any CPU.ActiveCfg = Release|Any CPU
		{B6AB5582-1569-4DDF-9552-9887BA490715}.Release|Any CPU.Build.0 = Release|Any CPU
		{DD7816BE-9894-4021-B3A8-4F1269701435}.Debug|Any CPU.ActiveCfg = Debug|Any CPU
		{DD7816BE-9894-4021-B3A8-4F1269701435}.Debug|Any CPU.Build.0 = Debug|Any CPU
		{DD7816BE-9894-4021-B3A8-4F1269701435}.Release|Any CPU.ActiveCfg = Release|Any CPU
		{DD7816BE-9894-4021-B3A8-4F1269701435}.Release|Any CPU.Build.0 = Release|Any CPU
		{1836F491-F68B-4FEB-888D-EDC78D3FE37A}.Debug|Any CPU.ActiveCfg = Debug|Any CPU
		{1836F491-F68B-4FEB-888D-EDC78D3FE37A}.Debug|Any CPU.Build.0 = Debug|Any CPU
		{1836F491-F68B-4FEB-888D-EDC78D3FE37A}.Release|Any CPU.ActiveCfg = Release|Any CPU
		{1836F491-F68B-4FEB-888D-EDC78D3FE37A}.Release|Any CPU.Build.0 = Release|Any CPU
		{B7196858-2124-40EE-B237-C55FE6CA1CFA}.Debug|Any CPU.ActiveCfg = Debug|Any CPU
		{B7196858-2124-40EE-B237-C55FE6CA1CFA}.Debug|Any CPU.Build.0 = Debug|Any CPU
		{B7196858-2124-40EE-B237-C55FE6CA1CFA}.Release|Any CPU.ActiveCfg = Release|Any CPU
		{B7196858-2124-40EE-B237-C55FE6CA1CFA}.Release|Any CPU.Build.0 = Release|Any CPU
		{273D4F2E-3348-4ED3-9221-5F8017E28850}.Debug|Any CPU.ActiveCfg = Debug|Any CPU
		{273D4F2E-3348-4ED3-9221-5F8017E28850}.Debug|Any CPU.Build.0 = Debug|Any CPU
		{273D4F2E-3348-4ED3-9221-5F8017E28850}.Release|Any CPU.ActiveCfg = Release|Any CPU
		{273D4F2E-3348-4ED3-9221-5F8017E28850}.Release|Any CPU.Build.0 = Release|Any CPU
		{FE3039D2-7EE9-49BA-869E-DE2E9C36D3C6}.Debug|Any CPU.ActiveCfg = Debug|Any CPU
		{FE3039D2-7EE9-49BA-869E-DE2E9C36D3C6}.Debug|Any CPU.Build.0 = Debug|Any CPU
		{FE3039D2-7EE9-49BA-869E-DE2E9C36D3C6}.Release|Any CPU.ActiveCfg = Release|Any CPU
		{FE3039D2-7EE9-49BA-869E-DE2E9C36D3C6}.Release|Any CPU.Build.0 = Release|Any CPU
		{8A99233A-17D4-4232-A367-4F971A054969}.Debug|Any CPU.ActiveCfg = Debug|Any CPU
		{8A99233A-17D4-4232-A367-4F971A054969}.Debug|Any CPU.Build.0 = Debug|Any CPU
		{8A99233A-17D4-4232-A367-4F971A054969}.Release|Any CPU.ActiveCfg = Release|Any CPU
		{8A99233A-17D4-4232-A367-4F971A054969}.Release|Any CPU.Build.0 = Release|Any CPU
		{3A531255-387E-43F8-B3BB-9B3D6060AEF1}.Debug|Any CPU.ActiveCfg = Debug|Any CPU
		{3A531255-387E-43F8-B3BB-9B3D6060AEF1}.Debug|Any CPU.Build.0 = Debug|Any CPU
		{3A531255-387E-43F8-B3BB-9B3D6060AEF1}.Release|Any CPU.ActiveCfg = Release|Any CPU
		{3A531255-387E-43F8-B3BB-9B3D6060AEF1}.Release|Any CPU.Build.0 = Release|Any CPU
		{898DBE07-71BF-4661-AF46-49285ED127CF}.Debug|Any CPU.ActiveCfg = Debug|Any CPU
		{898DBE07-71BF-4661-AF46-49285ED127CF}.Debug|Any CPU.Build.0 = Debug|Any CPU
		{898DBE07-71BF-4661-AF46-49285ED127CF}.Release|Any CPU.ActiveCfg = Release|Any CPU
		{898DBE07-71BF-4661-AF46-49285ED127CF}.Release|Any CPU.Build.0 = Release|Any CPU
		{E4955611-CFBA-4C3B-8B18-3EA20E01C091}.Debug|Any CPU.ActiveCfg = Debug|Any CPU
		{E4955611-CFBA-4C3B-8B18-3EA20E01C091}.Debug|Any CPU.Build.0 = Debug|Any CPU
		{E4955611-CFBA-4C3B-8B18-3EA20E01C091}.Release|Any CPU.ActiveCfg = Release|Any CPU
		{E4955611-CFBA-4C3B-8B18-3EA20E01C091}.Release|Any CPU.Build.0 = Release|Any CPU
	EndGlobalSection
	GlobalSection(SolutionProperties) = preSolution
		HideSolutionNode = FALSE
	EndGlobalSection
	GlobalSection(ExtensibilityGlobals) = postSolution
		SolutionGuid = {E1205837-9D2E-4AF7-A8E2-C7D777247605}
	EndGlobalSection
EndGlobal
